{
  "name": "day6",
  "version": "1.0.0",
  "lockfileVersion": 1,
  "requires": true,
  "dependencies": {
    "airport-data": {
      "version": "1.0.1",
      "resolved": "https://registry.npm.taobao.org/airport-data/download/airport-data-1.0.1.tgz",
      "integrity": "sha1-QcdDxI/Fs3dlob088GF8HegVExY="
    },
    "all-the-cities": {
      "version": "3.1.0",
      "resolved": "https://registry.npm.taobao.org/all-the-cities/download/all-the-cities-3.1.0.tgz",
      "integrity": "sha1-Zy9mT6xNhPrlJQkTfJw2EOE+hLM=",
      "requires": {
        "pbf": "^3.2.1"
      }
    },
    "amonad": {
      "version": "0.8.5",
      "resolved": "https://registry.npm.taobao.org/amonad/download/amonad-0.8.5.tgz",
      "integrity": "sha1-/sVGdK1ixox5NaRGVMKtObL+eW0=",
      "requires": {
        "tslib": "^1.9.3"
      }
    },
    "distance-from": {
      "version": "1.1.2",
      "resolved": "https://registry.npm.taobao.org/distance-from/download/distance-from-1.1.2.tgz",
      "integrity": "sha1-4sKblyKQpp1pPuJGTDAuNL/OI1I=",
      "requires": {
        "amonad": "^0.8.2"
      }
    },
    "ieee754": {
      "version": "1.2.1",
      "resolved": "https://registry.npm.taobao.org/ieee754/download/ieee754-1.2.1.tgz?cache=0&sync_timestamp=1603838235461&other_urls=https%3A%2F%2Fregistry.npm.taobao.org%2Fieee754%2Fdownload%2Fieee754-1.2.1.tgz",
      "integrity": "sha1-jrehCmP/8l0VpXsAFYbRd9Gw01I="
    },
    "pbf": {
      "version": "3.2.1",
      "resolved": "https://registry.npm.taobao.org/pbf/download/pbf-3.2.1.tgz",
      "integrity": "sha1-tMG55yr5Zs2CxlMWkRFcwECf/io=",
      "requires": {
        "ieee754": "^1.1.12",
        "resolve-protobuf-schema": "^2.1.0"
      }
    },
    "protocol-buffers-schema": {
      "version": "3.4.0",
      "resolved": "https://registry.npm.taobao.org/protocol-buffers-schema/download/protocol-buffers-schema-3.4.0.tgz",
      "integrity": "sha1-Lw6jHKlmJ9aAvy/vrn6/orZFPq4="
    },
    "resolve-protobuf-schema": {
      "version": "2.1.0",
      "resolved": "https://registry.npm.taobao.org/resolve-protobuf-schema/download/resolve-protobuf-schema-2.1.0.tgz",
      "integrity": "sha1-nKmp5pzxkrva8QBuwZc5SKpKN1g=",
      "requires": {
        "protocol-buffers-schema": "^3.3.1"
      }
    },
    "sunrise-sunset-js": {
      "version": "2.1.2",
      "resolved": "https://registry.npm.taobao.org/sunrise-sunset-js/download/sunrise-sunset-js-2.1.2.tgz",
      "integrity": "sha1-5qw5mqgidgY3WcuV93XQCd3yNno="
    },
    "tslib": {
      "version": "1.14.1",
      "resolved": "https://registry.npm.taobao.org/tslib/download/tslib-1.14.1.tgz?cache=0&sync_timestamp=1602286730817&other_urls=https%3A%2F%2Fregistry.npm.taobao.org%2Ftslib%2Fdownload%2Ftslib-1.14.1.tgz",
      "integrity": "sha1-zy04vcNKE0vK8QkcQfZhni9nLQA="
    }
  }
}
